
Microsoft Visual Studio Solution File, Format Version 12.00
# Visual Studio Version 16
VisualStudioVersion = 16.0.29926.136
MinimumVisualStudioVersion = 10.0.40219.1
Project("{9A19103F-16F7-4668-BE54-9A1E7A4F7556}") = "AutoBet.Domain", "AutoBet.Domain\AutoBet.Domain.csproj", "{AB99FB69-909A-45C7-A2E9-7E6F2482C518}"
EndProject
Project("{9A19103F-16F7-4668-BE54-9A1E7A4F7556}") = "AutoBet.App", "AutoBet.App\AutoBet.App.csproj", "{0625D3E2-808F-4881-B63F-A5E0B0CCD956}"
EndProject
Project("{FAE04EC0-301F-11D3-BF4B-00C04F79EFBC}") = "AutoBet.Tests", "AutoBet.Tests\AutoBet.Tests.csproj", "{4B0D489E-42E8-4EE9-B396-5DE08D5D8AE6}"
EndProject
Global
	GlobalSection(SolutionConfigurationPlatforms) = preSolution
		Debug|Any CPU = Debug|Any CPU
		Release|Any CPU = Release|Any CPU
	EndGlobalSection
	GlobalSection(ProjectConfigurationPlatforms) = postSolution
		{AB99FB69-909A-45C7-A2E9-7E6F2482C518}.Debug|Any CPU.ActiveCfg = Debug|Any CPU
		{AB99FB69-909A-45C7-A2E9-7E6F2482C518}.Debug|Any CPU.Build.0 = Debug|Any CPU
		{AB99FB69-909A-45C7-A2E9-7E6F2482C518}.Release|Any CPU.ActiveCfg = Release|Any CPU
		{AB99FB69-909A-45C7-A2E9-7E6F2482C518}.Release|Any CPU.Build.0 = Release|Any CPU
		{0625D3E2-808F-4881-B63F-A5E0B0CCD956}.Debug|Any CPU.ActiveCfg = Debug|Any CPU
		{0625D3E2-808F-4881-B63F-A5E0B0CCD956}.Debug|Any CPU.Build.0 = Debug|Any CPU
		{0625D3E2-808F-4881-B63F-A5E0B0CCD956}.Release|Any CPU.ActiveCfg = Release|Any CPU
		{0625D3E2-808F-4881-B63F-A5E0B0CCD956}.Release|Any CPU.Build.0 = Release|Any CPU
		{4B0D489E-42E8-4EE9-B396-5DE08D5D8AE6}.Debug|Any CPU.ActiveCfg = Debug|Any CPU
		{4B0D489E-42E8-4EE9-B396-5DE08D5D8AE6}.Debug|Any CPU.Build.0 = Debug|Any CPU
		{4B0D489E-42E8-4EE9-B396-5DE08D5D8AE6}.Release|Any CPU.ActiveCfg = Release|Any CPU
		{4B0D489E-42E8-4EE9-B396-5DE08D5D8AE6}.Release|Any CPU.Build.0 = Release|Any CPU
	EndGlobalSection
	GlobalSection(SolutionProperties) = preSolution
		HideSolutionNode = FALSE
	EndGlobalSection
	GlobalSection(ExtensibilityGlobals) = postSolution
		SolutionGuid = {B80DD103-54F3-450B-9D5A-53084E2DB639}
	EndGlobalSection
EndGlobal
